
Microsoft Visual Studio Solution File, Format Version 12.00
# Visual Studio Version 16
VisualStudioVersion = 16.0.32901.82
MinimumVisualStudioVersion = 10.0.40219.1
Project("{FAE04EC0-301F-11D3-BF4B-00C04F79EFBC}") = "MVC_statik_web_projesi", "MVC_statik_web_projesi.csproj", "{13A956B8-7BB0-4B78-AF1F-A8463BB9B101}"
EndProject
Global
	GlobalSection(SolutionConfigurationPlatforms) = preSolution
		Debug|Any CPU = Debug|Any CPU
		Release|Any CPU = Release|Any CPU
	EndGlobalSection
	GlobalSection(ProjectConfigurationPlatforms) = postSolution
		{13A956B8-7BB0-4B78-AF1F-A8463BB9B101}.Debug|Any CPU.ActiveCfg = Debug|Any CPU
		{13A956B8-7BB0-4B78-AF1F-A8463BB9B101}.Debug|Any CPU.Build.0 = Debug|Any CPU
		{13A956B8-7BB0-4B78-AF1F-A8463BB9B101}.Release|Any CPU.ActiveCfg = Release|Any CPU
		{13A956B8-7BB0-4B78-AF1F-A8463BB9B101}.Release|Any CPU.Build.0 = Release|Any CPU
	EndGlobalSection
	GlobalSection(SolutionProperties) = preSolution
		HideSolutionNode = FALSE
	EndGlobalSection
	GlobalSection(ExtensibilityGlobals) = postSolution
		SolutionGuid = {934289AB-F99A-482D-AF09-830376A5E301}
	EndGlobalSection
EndGlobal
